// !$*UTF8*$!
{
	archiveVersion = 1;
	classes = {
	};
	objectVersion = 56;
	objects = {

/* Begin PBXBuildFile section */
		DF659692297290B300794D60 /* AppDelegate.swift in Sources */ = {isa = PBXBuildFile; fileRef = DF659691297290B300794D60 /* AppDelegate.swift */; };
		DF659694297290B300794D60 /* SceneDelegate.swift in Sources */ = {isa = PBXBuildFile; fileRef = DF659693297290B300794D60 /* SceneDelegate.swift */; };
		DF659696297290B300794D60 /* ReminderListViewController.swift in Sources */ = {isa = PBXBuildFile; fileRef = DF659695297290B300794D60 /* ReminderListViewController.swift */; };
		DF659699297290B300794D60 /* Main.storyboard in Resources */ = {isa = PBXBuildFile; fileRef = DF659697297290B300794D60 /* Main.storyboard */; };
		DF65969B297290B300794D60 /* Assets.xcassets in Resources */ = {isa = PBXBuildFile; fileRef = DF65969A297290B300794D60 /* Assets.xcassets */; };
		DF65969E297290B300794D60 /* LaunchScreen.storyboard in Resources */ = {isa = PBXBuildFile; fileRef = DF65969C297290B300794D60 /* LaunchScreen.storyboard */; };
		DF6596A72972938300794D60 /* Reminder.swift in Sources */ = {isa = PBXBuildFile; fileRef = DF6596A62972938300794D60 /* Reminder.swift */; };
		DF80387529729F9E0072AFEF /* Date+Today.swift in Sources */ = {isa = PBXBuildFile; fileRef = DF80387429729F9E0072AFEF /* Date+Today.swift */; };
		DF8038782972A1270072AFEF /* ReminderListViewController+DataSource.swift in Sources */ = {isa = PBXBuildFile; fileRef = DF8038772972A1270072AFEF /* ReminderListViewController+DataSource.swift */; };
		DF80387A2972B0C00072AFEF /* ReminderDoneButton.swift in Sources */ = {isa = PBXBuildFile; fileRef = DF8038792972B0C00072AFEF /* ReminderDoneButton.swift */; };
		DF80387C2972B16F0072AFEF /* ReminderListViewController+Actions.swift in Sources */ = {isa = PBXBuildFile; fileRef = DF80387B2972B16F0072AFEF /* ReminderListViewController+Actions.swift */; };
		DF8038802972BD4E0072AFEF /* ReminderViewController.swift in Sources */ = {isa = PBXBuildFile; fileRef = DF80387F2972BD4E0072AFEF /* ReminderViewController.swift */; };
		DF8038822972BEFB0072AFEF /* ReminderViewController+Row.swift in Sources */ = {isa = PBXBuildFile; fileRef = DF8038812972BEFB0072AFEF /* ReminderViewController+Row.swift */; };
		DF8038842973BEC40072AFEF /* ReminderViewController+Section.swift in Sources */ = {isa = PBXBuildFile; fileRef = DF8038832973BEC40072AFEF /* ReminderViewController+Section.swift */; };
		DF8038862973C9860072AFEF /* ReminderController+CellConfiguration.swift in Sources */ = {isa = PBXBuildFile; fileRef = DF8038852973C9860072AFEF /* ReminderController+CellConfiguration.swift */; };
		DF8038892973CB5D0072AFEF /* UIView+PinnedSubview.swift in Sources */ = {isa = PBXBuildFile; fileRef = DF8038882973CB5D0072AFEF /* UIView+PinnedSubview.swift */; };
/* End PBXBuildFile section */

/* Begin PBXFileReference section */
		DF65968E297290B300794D60 /* UIKit-Tutorial.app */ = {isa = PBXFileReference; explicitFileType = wrapper.application; includeInIndex = 0; path = "UIKit-Tutorial.app"; sourceTree = BUILT_PRODUCTS_DIR; };
		DF659691297290B300794D60 /* AppDelegate.swift */ = {isa = PBXFileReference; lastKnownFileType = sourcecode.swift; path = AppDelegate.swift; sourceTree = "<group>"; };
		DF659693297290B300794D60 /* SceneDelegate.swift */ = {isa = PBXFileReference; lastKnownFileType = sourcecode.swift; path = SceneDelegate.swift; sourceTree = "<group>"; };
		DF659695297290B300794D60 /* ReminderListViewController.swift */ = {isa = PBXFileReference; lastKnownFileType = sourcecode.swift; path = ReminderListViewController.swift; sourceTree = "<group>"; };
		DF659698297290B300794D60 /* Base */ = {isa = PBXFileReference; lastKnownFileType = file.storyboard; name = Base; path = Base.lproj/Main.storyboard; sourceTree = "<group>"; };
		DF65969A297290B300794D60 /* Assets.xcassets */ = {isa = PBXFileReference; lastKnownFileType = folder.assetcatalog; path = Assets.xcassets; sourceTree = "<group>"; };
		DF65969D297290B300794D60 /* Base */ = {isa = PBXFileReference; lastKnownFileType = file.storyboard; name = Base; path = Base.lproj/LaunchScreen.storyboard; sourceTree = "<group>"; };
		DF65969F297290B300794D60 /* Info.plist */ = {isa = PBXFileReference; lastKnownFileType = text.plist.xml; path = Info.plist; sourceTree = "<group>"; };
		DF6596A62972938300794D60 /* Reminder.swift */ = {isa = PBXFileReference; lastKnownFileType = sourcecode.swift; path = Reminder.swift; sourceTree = "<group>"; };
		DF80387429729F9E0072AFEF /* Date+Today.swift */ = {isa = PBXFileReference; lastKnownFileType = sourcecode.swift; path = "Date+Today.swift"; sourceTree = "<group>"; };
		DF8038772972A1270072AFEF /* ReminderListViewController+DataSource.swift */ = {isa = PBXFileReference; lastKnownFileType = sourcecode.swift; path = "ReminderListViewController+DataSource.swift"; sourceTree = "<group>"; };
		DF8038792972B0C00072AFEF /* ReminderDoneButton.swift */ = {isa = PBXFileReference; lastKnownFileType = sourcecode.swift; path = ReminderDoneButton.swift; sourceTree = "<group>"; };
		DF80387B2972B16F0072AFEF /* ReminderListViewController+Actions.swift */ = {isa = PBXFileReference; lastKnownFileType = sourcecode.swift; path = "ReminderListViewController+Actions.swift"; sourceTree = "<group>"; };
		DF80387F2972BD4E0072AFEF /* ReminderViewController.swift */ = {isa = PBXFileReference; lastKnownFileType = sourcecode.swift; path = ReminderViewController.swift; sourceTree = "<group>"; };
		DF8038812972BEFB0072AFEF /* ReminderViewController+Row.swift */ = {isa = PBXFileReference; lastKnownFileType = sourcecode.swift; path = "ReminderViewController+Row.swift"; sourceTree = "<group>"; };
		DF8038832973BEC40072AFEF /* ReminderViewController+Section.swift */ = {isa = PBXFileReference; lastKnownFileType = sourcecode.swift; path = "ReminderViewController+Section.swift"; sourceTree = "<group>"; };
		DF8038852973C9860072AFEF /* ReminderController+CellConfiguration.swift */ = {isa = PBXFileReference; lastKnownFileType = sourcecode.swift; path = "ReminderController+CellConfiguration.swift"; sourceTree = "<group>"; };
		DF8038882973CB5D0072AFEF /* UIView+PinnedSubview.swift */ = {isa = PBXFileReference; lastKnownFileType = sourcecode.swift; path = "UIView+PinnedSubview.swift"; sourceTree = "<group>"; };
/* End PBXFileReference section */

/* Begin PBXFrameworksBuildPhase section */
		DF65968B297290B300794D60 /* Frameworks */ = {
			isa = PBXFrameworksBuildPhase;
			buildActionMask = 2147483647;
			files = (
			);
			runOnlyForDeploymentPostprocessing = 0;
		};
/* End PBXFrameworksBuildPhase section */

/* Begin PBXGroup section */
		DF659685297290B300794D60 = {
			isa = PBXGroup;
			children = (
				DF659690297290B300794D60 /* UIKit-Tutorial */,
				DF65968F297290B300794D60 /* Products */,
			);
			sourceTree = "<group>";
		};
		DF65968F297290B300794D60 /* Products */ = {
			isa = PBXGroup;
			children = (
				DF65968E297290B300794D60 /* UIKit-Tutorial.app */,
			);
			name = Products;
			sourceTree = "<group>";
		};
		DF659690297290B300794D60 /* UIKit-Tutorial */ = {
			isa = PBXGroup;
			children = (
				DF659691297290B300794D60 /* AppDelegate.swift */,
				DF659693297290B300794D60 /* SceneDelegate.swift */,
				DF8038872973CB1F0072AFEF /* ContentView */,
				DF6596A52972937100794D60 /* Models */,
				DF80387E2972BD3A0072AFEF /* ViewController */,
				DF659697297290B300794D60 /* Main.storyboard */,
				DF65969A297290B300794D60 /* Assets.xcassets */,
				DF65969C297290B300794D60 /* LaunchScreen.storyboard */,
				DF65969F297290B300794D60 /* Info.plist */,
			);
			path = "UIKit-Tutorial";
			sourceTree = "<group>";
		};
		DF6596A52972937100794D60 /* Models */ = {
			isa = PBXGroup;
			children = (
				DF6596A62972938300794D60 /* Reminder.swift */,
				DF80387429729F9E0072AFEF /* Date+Today.swift */,
			);
			path = Models;
			sourceTree = "<group>";
		};
		DF8038762972A0EC0072AFEF /* ReminderListViewController */ = {
			isa = PBXGroup;
			children = (
				DF8038792972B0C00072AFEF /* ReminderDoneButton.swift */,
				DF659695297290B300794D60 /* ReminderListViewController.swift */,
				DF8038772972A1270072AFEF /* ReminderListViewController+DataSource.swift */,
				DF80387B2972B16F0072AFEF /* ReminderListViewController+Actions.swift */,
			);
			path = ReminderListViewController;
			sourceTree = "<group>";
		};
		DF80387D2972BD250072AFEF /* ReminderViewController */ = {
			isa = PBXGroup;
			children = (
				DF80387F2972BD4E0072AFEF /* ReminderViewController.swift */,
				DF8038812972BEFB0072AFEF /* ReminderViewController+Row.swift */,
				DF8038832973BEC40072AFEF /* ReminderViewController+Section.swift */,
				DF8038852973C9860072AFEF /* ReminderController+CellConfiguration.swift */,
			);
			path = ReminderViewController;
			sourceTree = "<group>";
		};
		DF80387E2972BD3A0072AFEF /* ViewController */ = {
			isa = PBXGroup;
			children = (
				DF80387D2972BD250072AFEF /* ReminderViewController */,
				DF8038762972A0EC0072AFEF /* ReminderListViewController */,
			);
			path = ViewController;
			sourceTree = "<group>";
		};
		DF8038872973CB1F0072AFEF /* ContentView */ = {
			isa = PBXGroup;
			children = (
				DF8038882973CB5D0072AFEF /* UIView+PinnedSubview.swift */,
			);
			path = ContentView;
			sourceTree = "<group>";
		};
/* End PBXGroup section */

/* Begin PBXNativeTarget section */
		DF65968D297290B300794D60 /* UIKit-Tutorial */ = {
			isa = PBXNativeTarget;
			buildConfigurationList = DF6596A2297290B300794D60 /* Build configuration list for PBXNativeTarget "UIKit-Tutorial" */;
			buildPhases = (
				DF65968A297290B300794D60 /* Sources */,
				DF65968B297290B300794D60 /* Frameworks */,
				DF65968C297290B300794D60 /* Resources */,
			);
			buildRules = (
			);
			dependencies = (
			);
			name = "UIKit-Tutorial";
			productName = "UIKit-Tutorial";
			productReference = DF65968E297290B300794D60 /* UIKit-Tutorial.app */;
			productType = "com.apple.product-type.application";
		};
/* End PBXNativeTarget section */

/* Begin PBXProject section */
		DF659686297290B300794D60 /* Project object */ = {
			isa = PBXProject;
			attributes = {
				BuildIndependentTargetsInParallel = 1;
				LastSwiftUpdateCheck = 1400;
				LastUpgradeCheck = 1400;
				TargetAttributes = {
					DF65968D297290B300794D60 = {
						CreatedOnToolsVersion = 14.0;
					};
				};
			};
			buildConfigurationList = DF659689297290B300794D60 /* Build configuration list for PBXProject "UIKit-Tutorial" */;
			compatibilityVersion = "Xcode 14.0";
			developmentRegion = en;
			hasScannedForEncodings = 0;
			knownRegions = (
				en,
				Base,
			);
			mainGroup = DF659685297290B300794D60;
			productRefGroup = DF65968F297290B300794D60 /* Products */;
			projectDirPath = "";
			projectRoot = "";
			targets = (
				DF65968D297290B300794D60 /* UIKit-Tutorial */,
			);
		};
/* End PBXProject section */

/* Begin PBXResourcesBuildPhase section */
		DF65968C297290B300794D60 /* Resources */ = {
			isa = PBXResourcesBuildPhase;
			buildActionMask = 2147483647;
			files = (
				DF65969E297290B300794D60 /* LaunchScreen.storyboard in Resources */,
				DF65969B297290B300794D60 /* Assets.xcassets in Resources */,
				DF659699297290B300794D60 /* Main.storyboard in Resources */,
			);
			runOnlyForDeploymentPostprocessing = 0;
		};
/* End PBXResourcesBuildPhase section */

/* Begin PBXSourcesBuildPhase section */
		DF65968A297290B300794D60 /* Sources */ = {
			isa = PBXSourcesBuildPhase;
			buildActionMask = 2147483647;
			files = (
				DF80387C2972B16F0072AFEF /* ReminderListViewController+Actions.swift in Sources */,
				DF659696297290B300794D60 /* ReminderListViewController.swift in Sources */,
				DF8038862973C9860072AFEF /* ReminderController+CellConfiguration.swift in Sources */,
				DF80387529729F9E0072AFEF /* Date+Today.swift in Sources */,
				DF659692297290B300794D60 /* AppDelegate.swift in Sources */,
				DF8038842973BEC40072AFEF /* ReminderViewController+Section.swift in Sources */,
				DF659694297290B300794D60 /* SceneDelegate.swift in Sources */,
				DF8038802972BD4E0072AFEF /* ReminderViewController.swift in Sources */,
				DF8038892973CB5D0072AFEF /* UIView+PinnedSubview.swift in Sources */,
				DF8038822972BEFB0072AFEF /* ReminderViewController+Row.swift in Sources */,
				DF6596A72972938300794D60 /* Reminder.swift in Sources */,
				DF80387A2972B0C00072AFEF /* ReminderDoneButton.swift in Sources */,
				DF8038782972A1270072AFEF /* ReminderListViewController+DataSource.swift in Sources */,
			);
			runOnlyForDeploymentPostprocessing = 0;
		};
/* End PBXSourcesBuildPhase section */

/* Begin PBXVariantGroup section */
		DF659697297290B300794D60 /* Main.storyboard */ = {
			isa = PBXVariantGroup;
			children = (
				DF659698297290B300794D60 /* Base */,
			);
			name = Main.storyboard;
			sourceTree = "<group>";
		};
		DF65969C297290B300794D60 /* LaunchScreen.storyboard */ = {
			isa = PBXVariantGroup;
			children = (
				DF65969D297290B300794D60 /* Base */,
			);
			name = LaunchScreen.storyboard;
			sourceTree = "<group>";
		};
/* End PBXVariantGroup section */

/* Begin XCBuildConfiguration section */
		DF6596A0297290B300794D60 /* Debug */ = {
			isa = XCBuildConfiguration;
			buildSettings = {
				ALWAYS_SEARCH_USER_PATHS = NO;
				CLANG_ANALYZER_NONNULL = YES;
				CLANG_ANALYZER_NUMBER_OBJECT_CONVERSION = YES_AGGRESSIVE;
				CLANG_CXX_LANGUAGE_STANDARD = "gnu++20";
				CLANG_ENABLE_MODULES = YES;
				CLANG_ENABLE_OBJC_ARC = YES;
				CLANG_ENABLE_OBJC_WEAK = YES;
				CLANG_WARN_BLOCK_CAPTURE_AUTORELEASING = YES;
				CLANG_WARN_BOOL_CONVERSION = YES;
				CLANG_WARN_COMMA = YES;
				CLANG_WARN_CONSTANT_CONVERSION = YES;
				CLANG_WARN_DEPRECATED_OBJC_IMPLEMENTATIONS = YES;
				CLANG_WARN_DIRECT_OBJC_ISA_USAGE = YES_ERROR;
				CLANG_WARN_DOCUMENTATION_COMMENTS = YES;
				CLANG_WARN_EMPTY_BODY = YES;
				CLANG_WARN_ENUM_CONVERSION = YES;
				CLANG_WARN_INFINITE_RECURSION = YES;
				CLANG_WARN_INT_CONVERSION = YES;
				CLANG_WARN_NON_LITERAL_NULL_CONVERSION = YES;
				CLANG_WARN_OBJC_IMPLICIT_RETAIN_SELF = YES;
				CLANG_WARN_OBJC_LITERAL_CONVERSION = YES;
				CLANG_WARN_OBJC_ROOT_CLASS = YES_ERROR;
				CLANG_WARN_QUOTED_INCLUDE_IN_FRAMEWORK_HEADER = YES;
				CLANG_WARN_RANGE_LOOP_ANALYSIS = YES;
				CLANG_WARN_STRICT_PROTOTYPES = YES;
				CLANG_WARN_SUSPICIOUS_MOVE = YES;
				CLANG_WARN_UNGUARDED_AVAILABILITY = YES_AGGRESSIVE;
				CLANG_WARN_UNREACHABLE_CODE = YES;
				CLANG_WARN__DUPLICATE_METHOD_MATCH = YES;
				COPY_PHASE_STRIP = NO;
				DEBUG_INFORMATION_FORMAT = dwarf;
				ENABLE_STRICT_OBJC_MSGSEND = YES;
				ENABLE_TESTABILITY = YES;
				GCC_C_LANGUAGE_STANDARD = gnu11;
				GCC_DYNAMIC_NO_PIC = NO;
				GCC_NO_COMMON_BLOCKS = YES;
				GCC_OPTIMIZATION_LEVEL = 0;
				GCC_PREPROCESSOR_DEFINITIONS = (
					"DEBUG=1",
					"$(inherited)",
				);
				GCC_WARN_64_TO_32_BIT_CONVERSION = YES;
				GCC_WARN_ABOUT_RETURN_TYPE = YES_ERROR;
				GCC_WARN_UNDECLARED_SELECTOR = YES;
				GCC_WARN_UNINITIALIZED_AUTOS = YES_AGGRESSIVE;
				GCC_WARN_UNUSED_FUNCTION = YES;
				GCC_WARN_UNUSED_VARIABLE = YES;
				IPHONEOS_DEPLOYMENT_TARGET = 16.0;
				MTL_ENABLE_DEBUG_INFO = INCLUDE_SOURCE;
				MTL_FAST_MATH = YES;
				ONLY_ACTIVE_ARCH = YES;
				SDKROOT = iphoneos;
				SWIFT_ACTIVE_COMPILATION_CONDITIONS = DEBUG;
				SWIFT_OPTIMIZATION_LEVEL = "-Onone";
			};
			name = Debug;
		};
		DF6596A1297290B300794D60 /* Release */ = {
			isa = XCBuildConfiguration;
			buildSettings = {
				ALWAYS_SEARCH_USER_PATHS = NO;
				CLANG_ANALYZER_NONNULL = YES;
				CLANG_ANALYZER_NUMBER_OBJECT_CONVERSION = YES_AGGRESSIVE;
				CLANG_CXX_LANGUAGE_STANDARD = "gnu++20";
				CLANG_ENABLE_MODULES = YES;
				CLANG_ENABLE_OBJC_ARC = YES;
				CLANG_ENABLE_OBJC_WEAK = YES;
				CLANG_WARN_BLOCK_CAPTURE_AUTORELEASING = YES;
				CLANG_WARN_BOOL_CONVERSION = YES;
				CLANG_WARN_COMMA = YES;
				CLANG_WARN_CONSTANT_CONVERSION = YES;
				CLANG_WARN_DEPRECATED_OBJC_IMPLEMENTATIONS = YES;
				CLANG_WARN_DIRECT_OBJC_ISA_USAGE = YES_ERROR;
				CLANG_WARN_DOCUMENTATION_COMMENTS = YES;
				CLANG_WARN_EMPTY_BODY = YES;
				CLANG_WARN_ENUM_CONVERSION = YES;
				CLANG_WARN_INFINITE_RECURSION = YES;
				CLANG_WARN_INT_CONVERSION = YES;
				CLANG_WARN_NON_LITERAL_NULL_CONVERSION = YES;
				CLANG_WARN_OBJC_IMPLICIT_RETAIN_SELF = YES;
				CLANG_WARN_OBJC_LITERAL_CONVERSION = YES;
				CLANG_WARN_OBJC_ROOT_CLASS = YES_ERROR;
				CLANG_WARN_QUOTED_INCLUDE_IN_FRAMEWORK_HEADER = YES;
				CLANG_WARN_RANGE_LOOP_ANALYSIS = YES;
				CLANG_WARN_STRICT_PROTOTYPES = YES;
				CLANG_WARN_SUSPICIOUS_MOVE = YES;
				CLANG_WARN_UNGUARDED_AVAILABILITY = YES_AGGRESSIVE;
				CLANG_WARN_UNREACHABLE_CODE = YES;
				CLANG_WARN__DUPLICATE_METHOD_MATCH = YES;
				COPY_PHASE_STRIP = NO;
				DEBUG_INFORMATION_FORMAT = "dwarf-with-dsym";
				ENABLE_NS_ASSERTIONS = NO;
				ENABLE_STRICT_OBJC_MSGSEND = YES;
				GCC_C_LANGUAGE_STANDARD = gnu11;
				GCC_NO_COMMON_BLOCKS = YES;
				GCC_WARN_64_TO_32_BIT_CONVERSION = YES;
				GCC_WARN_ABOUT_RETURN_TYPE = YES_ERROR;
				GCC_WARN_UNDECLARED_SELECTOR = YES;
				GCC_WARN_UNINITIALIZED_AUTOS = YES_AGGRESSIVE;
				GCC_WARN_UNUSED_FUNCTION = YES;
				GCC_WARN_UNUSED_VARIABLE = YES;
				IPHONEOS_DEPLOYMENT_TARGET = 16.0;
				MTL_ENABLE_DEBUG_INFO = NO;
				MTL_FAST_MATH = YES;
				SDKROOT = iphoneos;
				SWIFT_COMPILATION_MODE = wholemodule;
				SWIFT_OPTIMIZATION_LEVEL = "-O";
				VALIDATE_PRODUCT = YES;
			};
			name = Release;
		};
		DF6596A3297290B300794D60 /* Debug */ = {
			isa = XCBuildConfiguration;
			buildSettings = {
				ASSETCATALOG_COMPILER_APPICON_NAME = AppIcon;
				ASSETCATALOG_COMPILER_GLOBAL_ACCENT_COLOR_NAME = AccentColor;
				CODE_SIGN_STYLE = Automatic;
				CURRENT_PROJECT_VERSION = 1;
				DEVELOPMENT_TEAM = 2764B74L32;
				GENERATE_INFOPLIST_FILE = YES;
				INFOPLIST_FILE = "UIKit-Tutorial/Info.plist";
				INFOPLIST_KEY_UIApplicationSupportsIndirectInputEvents = YES;
				INFOPLIST_KEY_UILaunchStoryboardName = LaunchScreen;
				INFOPLIST_KEY_UIMainStoryboardFile = Main;
				INFOPLIST_KEY_UISupportedInterfaceOrientations_iPad = "UIInterfaceOrientationPortrait UIInterfaceOrientationPortraitUpsideDown UIInterfaceOrientationLandscapeLeft UIInterfaceOrientationLandscapeRight";
				INFOPLIST_KEY_UISupportedInterfaceOrientations_iPhone = "UIInterfaceOrientationPortrait UIInterfaceOrientationLandscapeLeft UIInterfaceOrientationLandscapeRight";
				LD_RUNPATH_SEARCH_PATHS = (
					"$(inherited)",
					"@executable_path/Frameworks",
				);
				MARKETING_VERSION = 1.0;
				PRODUCT_BUNDLE_IDENTIFIER = "bamboo-wood.UIKit-Tutorial";
				PRODUCT_NAME = "$(TARGET_NAME)";
				SWIFT_EMIT_LOC_STRINGS = YES;
				SWIFT_VERSION = 5.0;
				TARGETED_DEVICE_FAMILY = "1,2";
			};
			name = Debug;
		};
		DF6596A4297290B300794D60 /* Release */ = {
			isa = XCBuildConfiguration;
			buildSettings = {
				ASSETCATALOG_COMPILER_APPICON_NAME = AppIcon;
				ASSETCATALOG_COMPILER_GLOBAL_ACCENT_COLOR_NAME = AccentColor;
				CODE_SIGN_STYLE = Automatic;
				CURRENT_PROJECT_VERSION = 1;
				DEVELOPMENT_TEAM = 2764B74L32;
				GENERATE_INFOPLIST_FILE = YES;
				INFOPLIST_FILE = "UIKit-Tutorial/Info.plist";
				INFOPLIST_KEY_UIApplicationSupportsIndirectInputEvents = YES;
				INFOPLIST_KEY_UILaunchStoryboardName = LaunchScreen;
				INFOPLIST_KEY_UIMainStoryboardFile = Main;
				INFOPLIST_KEY_UISupportedInterfaceOrientations_iPad = "UIInterfaceOrientationPortrait UIInterfaceOrientationPortraitUpsideDown UIInterfaceOrientationLandscapeLeft UIInterfaceOrientationLandscapeRight";
				INFOPLIST_KEY_UISupportedInterfaceOrientations_iPhone = "UIInterfaceOrientationPortrait UIInterfaceOrientationLandscapeLeft UIInterfaceOrientationLandscapeRight";
				LD_RUNPATH_SEARCH_PATHS = (
					"$(inherited)",
					"@executable_path/Frameworks",
				);
				MARKETING_VERSION = 1.0;
				PRODUCT_BUNDLE_IDENTIFIER = "bamboo-wood.UIKit-Tutorial";
				PRODUCT_NAME = "$(TARGET_NAME)";
				SWIFT_EMIT_LOC_STRINGS = YES;
				SWIFT_VERSION = 5.0;
				TARGETED_DEVICE_FAMILY = "1,2";
			};
			name = Release;
		};
/* End XCBuildConfiguration section */

/* Begin XCConfigurationList section */
		DF659689297290B300794D60 /* Build configuration list for PBXProject "UIKit-Tutorial" */ = {
			isa = XCConfigurationList;
			buildConfigurations = (
				DF6596A0297290B300794D60 /* Debug */,
				DF6596A1297290B300794D60 /* Release */,
			);
			defaultConfigurationIsVisible = 0;
			defaultConfigurationName = Release;
		};
		DF6596A2297290B300794D60 /* Build configuration list for PBXNativeTarget "UIKit-Tutorial" */ = {
			isa = XCConfigurationList;
			buildConfigurations = (
				DF6596A3297290B300794D60 /* Debug */,
				DF6596A4297290B300794D60 /* Release */,
			);
			defaultConfigurationIsVisible = 0;
			defaultConfigurationName = Release;
		};
/* End XCConfigurationList section */
	};
	rootObject = DF659686297290B300794D60 /* Project object */;
}
